// !$*UTF8*$!
{
	archiveVersion = 1;
	classes = {
	};
	objectVersion = 50;
	objects = {

/* Begin PBXBuildFile section */
		E15C8F0824C0A40600AA1E18 /* AppDelegate.swift in Sources */ = {isa = PBXBuildFile; fileRef = E15C8F0724C0A40600AA1E18 /* AppDelegate.swift */; };
		E15C8F3024C0AE4B00AA1E18 /* Assets.xcassets in Resources */ = {isa = PBXBuildFile; fileRef = E15C8F2424C0AE4A00AA1E18 /* Assets.xcassets */; };
		E15C8F3124C0AE4B00AA1E18 /* CreateIdentifierViewController.swift in Sources */ = {isa = PBXBuildFile; fileRef = E15C8F2524C0AE4A00AA1E18 /* CreateIdentifierViewController.swift */; };
		E15C8F3224C0AE4B00AA1E18 /* IdentifierCell.xib in Resources */ = {isa = PBXBuildFile; fileRef = E15C8F2624C0AE4A00AA1E18 /* IdentifierCell.xib */; };
		E15C8F3424C0AE4B00AA1E18 /* Extensions.swift in Sources */ = {isa = PBXBuildFile; fileRef = E15C8F2824C0AE4A00AA1E18 /* Extensions.swift */; };
		E15C8F3524C0AE4B00AA1E18 /* BluetoothNavigatorViewController.swift in Sources */ = {isa = PBXBuildFile; fileRef = E15C8F2924C0AE4A00AA1E18 /* BluetoothNavigatorViewController.swift */; };
		E15C8F3624C0AE4B00AA1E18 /* Colors.swift in Sources */ = {isa = PBXBuildFile; fileRef = E15C8F2A24C0AE4A00AA1E18 /* Colors.swift */; };
		E15C8F3724C0AE4B00AA1E18 /* BluetoothNavigatorView.swift in Sources */ = {isa = PBXBuildFile; fileRef = E15C8F2B24C0AE4A00AA1E18 /* BluetoothNavigatorView.swift */; };
		E15C8F3824C0AE4B00AA1E18 /* IdentifierCell.swift in Sources */ = {isa = PBXBuildFile; fileRef = E15C8F2C24C0AE4A00AA1E18 /* IdentifierCell.swift */; };
		E15C8F3924C0AE4B00AA1E18 /* BluetoothNavigatorTheme.swift in Sources */ = {isa = PBXBuildFile; fileRef = E15C8F2D24C0AE4A00AA1E18 /* BluetoothNavigatorTheme.swift */; };
		E15C8F3A24C0AE4B00AA1E18 /* LogoView.swift in Sources */ = {isa = PBXBuildFile; fileRef = E15C8F2E24C0AE4B00AA1E18 /* LogoView.swift */; };
		E15C8F3B24C0AE4B00AA1E18 /* BluetoothNavigatorButton.swift in Sources */ = {isa = PBXBuildFile; fileRef = E15C8F2F24C0AE4B00AA1E18 /* BluetoothNavigatorButton.swift */; };
		E15C8F4024C0AE8300AA1E18 /* LaunchScreen.storyboard in Resources */ = {isa = PBXBuildFile; fileRef = E15C8F3C24C0AE8300AA1E18 /* LaunchScreen.storyboard */; };
		E15C8F4124C0AE8300AA1E18 /* Main.storyboard in Resources */ = {isa = PBXBuildFile; fileRef = E15C8F3E24C0AE8300AA1E18 /* Main.storyboard */; };
		E15C8F4524C0AF4500AA1E18 /* MoBetterBluetooth.framework in Frameworks */ = {isa = PBXBuildFile; fileRef = E15C8F4324C0AF4500AA1E18 /* MoBetterBluetooth.framework */; };
		E15C8F4624C0AF4500AA1E18 /* MoBetterBluetooth.framework in Embed Frameworks */ = {isa = PBXBuildFile; fileRef = E15C8F4324C0AF4500AA1E18 /* MoBetterBluetooth.framework */; settings = {ATTRIBUTES = (CodeSignOnCopy, RemoveHeadersOnCopy, ); }; };
		E15C8F4724C0AF4500AA1E18 /* VerticonsToolbox.framework in Frameworks */ = {isa = PBXBuildFile; fileRef = E15C8F4424C0AF4500AA1E18 /* VerticonsToolbox.framework */; };
		E15C8F4824C0AF4500AA1E18 /* VerticonsToolbox.framework in Embed Frameworks */ = {isa = PBXBuildFile; fileRef = E15C8F4424C0AF4500AA1E18 /* VerticonsToolbox.framework */; settings = {ATTRIBUTES = (CodeSignOnCopy, RemoveHeadersOnCopy, ); }; };
		E15C8F4D24C0B2AE00AA1E18 /* Settings.bundle in Resources */ = {isa = PBXBuildFile; fileRef = E15C8F4C24C0B2AE00AA1E18 /* Settings.bundle */; };
		E15C8F5224C0B2F500AA1E18 /* BeaconRegionsTableViewController.swift in Sources */ = {isa = PBXBuildFile; fileRef = E15C8F4E24C0B2F400AA1E18 /* BeaconRegionsTableViewController.swift */; };
		E15C8F5324C0B2F500AA1E18 /* BeaconRegionHeader.swift in Sources */ = {isa = PBXBuildFile; fileRef = E15C8F4F24C0B2F400AA1E18 /* BeaconRegionHeader.swift */; };
		E15C8F5424C0B2F500AA1E18 /* BeaconNotifier.swift in Sources */ = {isa = PBXBuildFile; fileRef = E15C8F5024C0B2F400AA1E18 /* BeaconNotifier.swift */; };
		E15C8F5524C0B2F500AA1E18 /* BeaconRegionHeader.xib in Resources */ = {isa = PBXBuildFile; fileRef = E15C8F5124C0B2F500AA1E18 /* BeaconRegionHeader.xib */; };
		E15C8F5E24C0B30500AA1E18 /* BluetoothCell.swift in Sources */ = {isa = PBXBuildFile; fileRef = E15C8F5624C0B30500AA1E18 /* BluetoothCell.swift */; };
		E15C8F5F24C0B30500AA1E18 /* PeripheralCell.swift in Sources */ = {isa = PBXBuildFile; fileRef = E15C8F5724C0B30500AA1E18 /* PeripheralCell.swift */; };
		E15C8F6024C0B30500AA1E18 /* ServiceCell.swift in Sources */ = {isa = PBXBuildFile; fileRef = E15C8F5824C0B30500AA1E18 /* ServiceCell.swift */; };
		E15C8F6124C0B30500AA1E18 /* SubscriptionCell.swift in Sources */ = {isa = PBXBuildFile; fileRef = E15C8F5924C0B30500AA1E18 /* SubscriptionCell.swift */; };
		E15C8F6224C0B30500AA1E18 /* ServiceCell.xib in Resources */ = {isa = PBXBuildFile; fileRef = E15C8F5A24C0B30500AA1E18 /* ServiceCell.xib */; };
		E15C8F6324C0B30500AA1E18 /* DescriptorCell.swift in Sources */ = {isa = PBXBuildFile; fileRef = E15C8F5B24C0B30500AA1E18 /* DescriptorCell.swift */; };
		E15C8F6424C0B30500AA1E18 /* PeripheralCell.xib in Resources */ = {isa = PBXBuildFile; fileRef = E15C8F5C24C0B30500AA1E18 /* PeripheralCell.xib */; };
		E15C8F6524C0B30500AA1E18 /* CharacteristicCell.swift in Sources */ = {isa = PBXBuildFile; fileRef = E15C8F5D24C0B30500AA1E18 /* CharacteristicCell.swift */; };
		E15C8F6824C0B31100AA1E18 /* BluetoothExplorerTableView.swift in Sources */ = {isa = PBXBuildFile; fileRef = E15C8F6624C0B31100AA1E18 /* BluetoothExplorerTableView.swift */; };
		E15C8F6924C0B31100AA1E18 /* BluetoothExplorerTableHeader.swift in Sources */ = {isa = PBXBuildFile; fileRef = E15C8F6724C0B31100AA1E18 /* BluetoothExplorerTableHeader.swift */; };
		E15C8F7124C0B31E00AA1E18 /* PeripheralViewController.swift in Sources */ = {isa = PBXBuildFile; fileRef = E15C8F6A24C0B31E00AA1E18 /* PeripheralViewController.swift */; };
		E15C8F7224C0B31E00AA1E18 /* SubscriptionEditorViewController.swift in Sources */ = {isa = PBXBuildFile; fileRef = E15C8F6B24C0B31E00AA1E18 /* SubscriptionEditorViewController.swift */; };
		E15C8F7324C0B31E00AA1E18 /* SubscriptionViewController.swift in Sources */ = {isa = PBXBuildFile; fileRef = E15C8F6C24C0B31E00AA1E18 /* SubscriptionViewController.swift */; };
		E15C8F7424C0B31E00AA1E18 /* CharacteristicViewController.swift in Sources */ = {isa = PBXBuildFile; fileRef = E15C8F6D24C0B31E00AA1E18 /* CharacteristicViewController.swift */; };
		E15C8F7524C0B31E00AA1E18 /* Factory.swift in Sources */ = {isa = PBXBuildFile; fileRef = E15C8F6E24C0B31E00AA1E18 /* Factory.swift */; };
		E15C8F7624C0B31E00AA1E18 /* RssiGraph.swift in Sources */ = {isa = PBXBuildFile; fileRef = E15C8F6F24C0B31E00AA1E18 /* RssiGraph.swift */; };
		E15C8F7724C0B31E00AA1E18 /* SubscriptionListViewController.swift in Sources */ = {isa = PBXBuildFile; fileRef = E15C8F7024C0B31E00AA1E18 /* SubscriptionListViewController.swift */; };
/* End PBXBuildFile section */

/* Begin PBXCopyFilesBuildPhase section */
		E15C8F4924C0AF4500AA1E18 /* Embed Frameworks */ = {
			isa = PBXCopyFilesBuildPhase;
			buildActionMask = 2147483647;
			dstPath = "";
			dstSubfolderSpec = 10;
			files = (
				E15C8F4824C0AF4500AA1E18 /* VerticonsToolbox.framework in Embed Frameworks */,
				E15C8F4624C0AF4500AA1E18 /* MoBetterBluetooth.framework in Embed Frameworks */,
			);
			name = "Embed Frameworks";
			runOnlyForDeploymentPostprocessing = 0;
		};
/* End PBXCopyFilesBuildPhase section */

/* Begin PBXFileReference section */
		E15C8F0424C0A40600AA1E18 /* Bluetooth Navigator.app */ = {isa = PBXFileReference; explicitFileType = wrapper.application; includeInIndex = 0; path = "Bluetooth Navigator.app"; sourceTree = BUILT_PRODUCTS_DIR; };
		E15C8F0724C0A40600AA1E18 /* AppDelegate.swift */ = {isa = PBXFileReference; lastKnownFileType = sourcecode.swift; path = AppDelegate.swift; sourceTree = "<group>"; };
		E15C8F2024C0AD5A00AA1E18 /* ToDo.txt */ = {isa = PBXFileReference; fileEncoding = 4; lastKnownFileType = text; path = ToDo.txt; sourceTree = "<group>"; };
		E15C8F2124C0AD5A00AA1E18 /* ReadMe.md */ = {isa = PBXFileReference; fileEncoding = 4; lastKnownFileType = net.daringfireball.markdown; path = ReadMe.md; sourceTree = "<group>"; };
		E15C8F2424C0AE4A00AA1E18 /* Assets.xcassets */ = {isa = PBXFileReference; lastKnownFileType = folder.assetcatalog; path = Assets.xcassets; sourceTree = "<group>"; };
		E15C8F2524C0AE4A00AA1E18 /* CreateIdentifierViewController.swift */ = {isa = PBXFileReference; fileEncoding = 4; lastKnownFileType = sourcecode.swift; path = CreateIdentifierViewController.swift; sourceTree = "<group>"; };
		E15C8F2624C0AE4A00AA1E18 /* IdentifierCell.xib */ = {isa = PBXFileReference; fileEncoding = 4; lastKnownFileType = file.xib; path = IdentifierCell.xib; sourceTree = "<group>"; };
		E15C8F2724C0AE4A00AA1E18 /* Info.plist */ = {isa = PBXFileReference; fileEncoding = 4; lastKnownFileType = text.plist.xml; path = Info.plist; sourceTree = "<group>"; };
		E15C8F2824C0AE4A00AA1E18 /* Extensions.swift */ = {isa = PBXFileReference; fileEncoding = 4; lastKnownFileType = sourcecode.swift; path = Extensions.swift; sourceTree = "<group>"; };
		E15C8F2924C0AE4A00AA1E18 /* BluetoothNavigatorViewController.swift */ = {isa = PBXFileReference; fileEncoding = 4; lastKnownFileType = sourcecode.swift; path = BluetoothNavigatorViewController.swift; sourceTree = "<group>"; };
		E15C8F2A24C0AE4A00AA1E18 /* Colors.swift */ = {isa = PBXFileReference; fileEncoding = 4; lastKnownFileType = sourcecode.swift; path = Colors.swift; sourceTree = "<group>"; };
		E15C8F2B24C0AE4A00AA1E18 /* BluetoothNavigatorView.swift */ = {isa = PBXFileReference; fileEncoding = 4; lastKnownFileType = sourcecode.swift; path = BluetoothNavigatorView.swift; sourceTree = "<group>"; };
		E15C8F2C24C0AE4A00AA1E18 /* IdentifierCell.swift */ = {isa = PBXFileReference; fileEncoding = 4; lastKnownFileType = sourcecode.swift; path = IdentifierCell.swift; sourceTree = "<group>"; };
		E15C8F2D24C0AE4A00AA1E18 /* BluetoothNavigatorTheme.swift */ = {isa = PBXFileReference; fileEncoding = 4; lastKnownFileType = sourcecode.swift; path = BluetoothNavigatorTheme.swift; sourceTree = "<group>"; };
		E15C8F2E24C0AE4B00AA1E18 /* LogoView.swift */ = {isa = PBXFileReference; fileEncoding = 4; lastKnownFileType = sourcecode.swift; path = LogoView.swift; sourceTree = "<group>"; };
		E15C8F2F24C0AE4B00AA1E18 /* BluetoothNavigatorButton.swift */ = {isa = PBXFileReference; fileEncoding = 4; lastKnownFileType = sourcecode.swift; path = BluetoothNavigatorButton.swift; sourceTree = "<group>"; };
		E15C8F3D24C0AE8300AA1E18 /* Base */ = {isa = PBXFileReference; lastKnownFileType = file.storyboard; name = Base; path = Base.lproj/LaunchScreen.storyboard; sourceTree = "<group>"; };
		E15C8F3F24C0AE8300AA1E18 /* Base */ = {isa = PBXFileReference; lastKnownFileType = file.storyboard; name = Base; path = Base.lproj/Main.storyboard; sourceTree = "<group>"; };
		E15C8F4324C0AF4500AA1E18 /* MoBetterBluetooth.framework */ = {isa = PBXFileReference; explicitFileType = wrapper.framework; path = MoBetterBluetooth.framework; sourceTree = BUILT_PRODUCTS_DIR; };
		E15C8F4424C0AF4500AA1E18 /* VerticonsToolbox.framework */ = {isa = PBXFileReference; explicitFileType = wrapper.framework; path = VerticonsToolbox.framework; sourceTree = BUILT_PRODUCTS_DIR; };
		E15C8F4C24C0B2AE00AA1E18 /* Settings.bundle */ = {isa = PBXFileReference; lastKnownFileType = "wrapper.plug-in"; path = Settings.bundle; sourceTree = "<group>"; };
		E15C8F4E24C0B2F400AA1E18 /* BeaconRegionsTableViewController.swift */ = {isa = PBXFileReference; fileEncoding = 4; lastKnownFileType = sourcecode.swift; path = BeaconRegionsTableViewController.swift; sourceTree = "<group>"; };
		E15C8F4F24C0B2F400AA1E18 /* BeaconRegionHeader.swift */ = {isa = PBXFileReference; fileEncoding = 4; lastKnownFileType = sourcecode.swift; path = BeaconRegionHeader.swift; sourceTree = "<group>"; };
		E15C8F5024C0B2F400AA1E18 /* BeaconNotifier.swift */ = {isa = PBXFileReference; fileEncoding = 4; lastKnownFileType = sourcecode.swift; path = BeaconNotifier.swift; sourceTree = "<group>"; };
		E15C8F5124C0B2F500AA1E18 /* BeaconRegionHeader.xib */ = {isa = PBXFileReference; fileEncoding = 4; lastKnownFileType = file.xib; path = BeaconRegionHeader.xib; sourceTree = "<group>"; };
		E15C8F5624C0B30500AA1E18 /* BluetoothCell.swift */ = {isa = PBXFileReference; fileEncoding = 4; lastKnownFileType = sourcecode.swift; path = BluetoothCell.swift; sourceTree = "<group>"; };
		E15C8F5724C0B30500AA1E18 /* PeripheralCell.swift */ = {isa = PBXFileReference; fileEncoding = 4; lastKnownFileType = sourcecode.swift; path = PeripheralCell.swift; sourceTree = "<group>"; };
		E15C8F5824C0B30500AA1E18 /* ServiceCell.swift */ = {isa = PBXFileReference; fileEncoding = 4; lastKnownFileType = sourcecode.swift; path = ServiceCell.swift; sourceTree = "<group>"; };
		E15C8F5924C0B30500AA1E18 /* SubscriptionCell.swift */ = {isa = PBXFileReference; fileEncoding = 4; lastKnownFileType = sourcecode.swift; path = SubscriptionCell.swift; sourceTree = "<group>"; };
		E15C8F5A24C0B30500AA1E18 /* ServiceCell.xib */ = {isa = PBXFileReference; fileEncoding = 4; lastKnownFileType = file.xib; path = ServiceCell.xib; sourceTree = "<group>"; };
		E15C8F5B24C0B30500AA1E18 /* DescriptorCell.swift */ = {isa = PBXFileReference; fileEncoding = 4; lastKnownFileType = sourcecode.swift; path = DescriptorCell.swift; sourceTree = "<group>"; };
		E15C8F5C24C0B30500AA1E18 /* PeripheralCell.xib */ = {isa = PBXFileReference; fileEncoding = 4; lastKnownFileType = file.xib; path = PeripheralCell.xib; sourceTree = "<group>"; };
		E15C8F5D24C0B30500AA1E18 /* CharacteristicCell.swift */ = {isa = PBXFileReference; fileEncoding = 4; lastKnownFileType = sourcecode.swift; path = CharacteristicCell.swift; sourceTree = "<group>"; };
		E15C8F6624C0B31100AA1E18 /* BluetoothExplorerTableView.swift */ = {isa = PBXFileReference; fileEncoding = 4; lastKnownFileType = sourcecode.swift; path = BluetoothExplorerTableView.swift; sourceTree = "<group>"; };
		E15C8F6724C0B31100AA1E18 /* BluetoothExplorerTableHeader.swift */ = {isa = PBXFileReference; fileEncoding = 4; lastKnownFileType = sourcecode.swift; path = BluetoothExplorerTableHeader.swift; sourceTree = "<group>"; };
		E15C8F6A24C0B31E00AA1E18 /* PeripheralViewController.swift */ = {isa = PBXFileReference; fileEncoding = 4; lastKnownFileType = sourcecode.swift; path = PeripheralViewController.swift; sourceTree = "<group>"; };
		E15C8F6B24C0B31E00AA1E18 /* SubscriptionEditorViewController.swift */ = {isa = PBXFileReference; fileEncoding = 4; lastKnownFileType = sourcecode.swift; path = SubscriptionEditorViewController.swift; sourceTree = "<group>"; };
		E15C8F6C24C0B31E00AA1E18 /* SubscriptionViewController.swift */ = {isa = PBXFileReference; fileEncoding = 4; lastKnownFileType = sourcecode.swift; path = SubscriptionViewController.swift; sourceTree = "<group>"; };
		E15C8F6D24C0B31E00AA1E18 /* CharacteristicViewController.swift */ = {isa = PBXFileReference; fileEncoding = 4; lastKnownFileType = sourcecode.swift; path = CharacteristicViewController.swift; sourceTree = "<group>"; };
		E15C8F6E24C0B31E00AA1E18 /* Factory.swift */ = {isa = PBXFileReference; fileEncoding = 4; lastKnownFileType = sourcecode.swift; path = Factory.swift; sourceTree = "<group>"; };
		E15C8F6F24C0B31E00AA1E18 /* RssiGraph.swift */ = {isa = PBXFileReference; fileEncoding = 4; lastKnownFileType = sourcecode.swift; path = RssiGraph.swift; sourceTree = "<group>"; };
		E15C8F7024C0B31E00AA1E18 /* SubscriptionListViewController.swift */ = {isa = PBXFileReference; fileEncoding = 4; lastKnownFileType = sourcecode.swift; path = SubscriptionListViewController.swift; sourceTree = "<group>"; };
/* End PBXFileReference section */

/* Begin PBXFrameworksBuildPhase section */
		E15C8F0124C0A40600AA1E18 /* Frameworks */ = {
			isa = PBXFrameworksBuildPhase;
			buildActionMask = 2147483647;
			files = (
				E15C8F4724C0AF4500AA1E18 /* VerticonsToolbox.framework in Frameworks */,
				E15C8F4524C0AF4500AA1E18 /* MoBetterBluetooth.framework in Frameworks */,
			);
			runOnlyForDeploymentPostprocessing = 0;
		};
/* End PBXFrameworksBuildPhase section */

/* Begin PBXGroup section */
		E15C8EFB24C0A40600AA1E18 = {
			isa = PBXGroup;
			children = (
				E15C8F4C24C0B2AE00AA1E18 /* Settings.bundle */,
				E15C8F2124C0AD5A00AA1E18 /* ReadMe.md */,
				E15C8F2024C0AD5A00AA1E18 /* ToDo.txt */,
				E15C8F0624C0A40600AA1E18 /* BluetoothNavigator */,
				E15C8F0524C0A40600AA1E18 /* Products */,
				E15C8F4224C0AF4500AA1E18 /* Frameworks */,
			);
			sourceTree = "<group>";
		};
		E15C8F0524C0A40600AA1E18 /* Products */ = {
			isa = PBXGroup;
			children = (
				E15C8F0424C0A40600AA1E18 /* Bluetooth Navigator.app */,
			);
			name = Products;
			sourceTree = "<group>";
		};
		E15C8F0624C0A40600AA1E18 /* BluetoothNavigator */ = {
			isa = PBXGroup;
			children = (
				E15C8F0724C0A40600AA1E18 /* AppDelegate.swift */,
				E15C8F2424C0AE4A00AA1E18 /* Assets.xcassets */,
				E15C8F2F24C0AE4B00AA1E18 /* BluetoothNavigatorButton.swift */,
				E15C8F2D24C0AE4A00AA1E18 /* BluetoothNavigatorTheme.swift */,
				E15C8F2B24C0AE4A00AA1E18 /* BluetoothNavigatorView.swift */,
				E15C8F2924C0AE4A00AA1E18 /* BluetoothNavigatorViewController.swift */,
				E15C8F2A24C0AE4A00AA1E18 /* Colors.swift */,
				E15C8F2524C0AE4A00AA1E18 /* CreateIdentifierViewController.swift */,
				E15C8F2824C0AE4A00AA1E18 /* Extensions.swift */,
				E15C8F2C24C0AE4A00AA1E18 /* IdentifierCell.swift */,
				E15C8F2624C0AE4A00AA1E18 /* IdentifierCell.xib */,
				E15C8F2724C0AE4A00AA1E18 /* Info.plist */,
				E15C8F3C24C0AE8300AA1E18 /* LaunchScreen.storyboard */,
				E15C8F2E24C0AE4B00AA1E18 /* LogoView.swift */,
				E15C8F3E24C0AE8300AA1E18 /* Main.storyboard */,
				E15C8F1B24C0A98500AA1E18 /* Beacons */,
				E15C8F1C24C0A9AF00AA1E18 /* Centrals */,
			);
			path = BluetoothNavigator;
			sourceTree = "<group>";
		};
		E15C8F1B24C0A98500AA1E18 /* Beacons */ = {
			isa = PBXGroup;
			children = (
				E15C8F5024C0B2F400AA1E18 /* BeaconNotifier.swift */,
				E15C8F4F24C0B2F400AA1E18 /* BeaconRegionHeader.swift */,
				E15C8F5124C0B2F500AA1E18 /* BeaconRegionHeader.xib */,
				E15C8F4E24C0B2F400AA1E18 /* BeaconRegionsTableViewController.swift */,
			);
			path = Beacons;
			sourceTree = "<group>";
		};
		E15C8F1C24C0A9AF00AA1E18 /* Centrals */ = {
			isa = PBXGroup;
			children = (
				E15C8F6C24C0B31E00AA1E18 /* SubscriptionViewController.swift */,
				E15C8F6D24C0B31E00AA1E18 /* CharacteristicViewController.swift */,
				E15C8F6A24C0B31E00AA1E18 /* PeripheralViewController.swift */,
				E15C8F6E24C0B31E00AA1E18 /* Factory.swift */,
				E15C8F6F24C0B31E00AA1E18 /* RssiGraph.swift */,
				E15C8F6B24C0B31E00AA1E18 /* SubscriptionEditorViewController.swift */,
				E15C8F7024C0B31E00AA1E18 /* SubscriptionListViewController.swift */,
				E15C8F1E24C0AA9100AA1E18 /* Tables */,
			);
			path = Centrals;
			sourceTree = "<group>";
		};
		E15C8F1E24C0AA9100AA1E18 /* Tables */ = {
			isa = PBXGroup;
			children = (
				E15C8F6724C0B31100AA1E18 /* BluetoothExplorerTableHeader.swift */,
				E15C8F6624C0B31100AA1E18 /* BluetoothExplorerTableView.swift */,
				E15C8F1F24C0AAA200AA1E18 /* Cells */,
			);
			path = Tables;
			sourceTree = "<group>";
		};
		E15C8F1F24C0AAA200AA1E18 /* Cells */ = {
			isa = PBXGroup;
			children = (
				E15C8F5624C0B30500AA1E18 /* BluetoothCell.swift */,
				E15C8F5D24C0B30500AA1E18 /* CharacteristicCell.swift */,
				E15C8F5B24C0B30500AA1E18 /* DescriptorCell.swift */,
				E15C8F5724C0B30500AA1E18 /* PeripheralCell.swift */,
				E15C8F5C24C0B30500AA1E18 /* PeripheralCell.xib */,
				E15C8F5824C0B30500AA1E18 /* ServiceCell.swift */,
				E15C8F5A24C0B30500AA1E18 /* ServiceCell.xib */,
				E15C8F5924C0B30500AA1E18 /* SubscriptionCell.swift */,
			);
			path = Cells;
			sourceTree = "<group>";
		};
		E15C8F4224C0AF4500AA1E18 /* Frameworks */ = {
			isa = PBXGroup;
			children = (
				E15C8F4324C0AF4500AA1E18 /* MoBetterBluetooth.framework */,
				E15C8F4424C0AF4500AA1E18 /* VerticonsToolbox.framework */,
			);
			name = Frameworks;
			sourceTree = "<group>";
		};
/* End PBXGroup section */

/* Begin PBXNativeTarget section */
		E15C8F0324C0A40600AA1E18 /* BluetoothNavigator */ = {
			isa = PBXNativeTarget;
			buildConfigurationList = E15C8F1824C0A40700AA1E18 /* Build configuration list for PBXNativeTarget "BluetoothNavigator" */;
			buildPhases = (
				E15C8F0024C0A40600AA1E18 /* Sources */,
				E15C8F0124C0A40600AA1E18 /* Frameworks */,
				E15C8F0224C0A40600AA1E18 /* Resources */,
				E15C8F4924C0AF4500AA1E18 /* Embed Frameworks */,
			);
			buildRules = (
			);
			dependencies = (
			);
			name = BluetoothNavigator;
			productName = BluetoothNavigator;
			productReference = E15C8F0424C0A40600AA1E18 /* Bluetooth Navigator.app */;
			productType = "com.apple.product-type.application";
		};
/* End PBXNativeTarget section */

/* Begin PBXProject section */
		E15C8EFC24C0A40600AA1E18 /* Project object */ = {
			isa = PBXProject;
			attributes = {
				LastSwiftUpdateCheck = 1150;
				LastUpgradeCheck = 1150;
				ORGANIZATIONNAME = "Robert Vaessen";
				TargetAttributes = {
					E15C8F0324C0A40600AA1E18 = {
						CreatedOnToolsVersion = 11.5;
					};
				};
			};
			buildConfigurationList = E15C8EFF24C0A40600AA1E18 /* Build configuration list for PBXProject "BluetoothNavigator" */;
			compatibilityVersion = "Xcode 9.3";
			developmentRegion = en;
			hasScannedForEncodings = 0;
			knownRegions = (
				en,
				Base,
			);
			mainGroup = E15C8EFB24C0A40600AA1E18;
			productRefGroup = E15C8F0524C0A40600AA1E18 /* Products */;
			projectDirPath = "";
			projectRoot = "";
			targets = (
				E15C8F0324C0A40600AA1E18 /* BluetoothNavigator */,
			);
		};
/* End PBXProject section */

/* Begin PBXResourcesBuildPhase section */
		E15C8F0224C0A40600AA1E18 /* Resources */ = {
			isa = PBXResourcesBuildPhase;
			buildActionMask = 2147483647;
			files = (
				E15C8F4124C0AE8300AA1E18 /* Main.storyboard in Resources */,
				E15C8F3024C0AE4B00AA1E18 /* Assets.xcassets in Resources */,
				E15C8F5524C0B2F500AA1E18 /* BeaconRegionHeader.xib in Resources */,
				E15C8F6224C0B30500AA1E18 /* ServiceCell.xib in Resources */,
				E15C8F4D24C0B2AE00AA1E18 /* Settings.bundle in Resources */,
				E15C8F3224C0AE4B00AA1E18 /* IdentifierCell.xib in Resources */,
				E15C8F4024C0AE8300AA1E18 /* LaunchScreen.storyboard in Resources */,
				E15C8F6424C0B30500AA1E18 /* PeripheralCell.xib in Resources */,
			);
			runOnlyForDeploymentPostprocessing = 0;
		};
/* End PBXResourcesBuildPhase section */

/* Begin PBXSourcesBuildPhase section */
		E15C8F0024C0A40600AA1E18 /* Sources */ = {
			isa = PBXSourcesBuildPhase;
			buildActionMask = 2147483647;
			files = (
				E15C8F6824C0B31100AA1E18 /* BluetoothExplorerTableView.swift in Sources */,
				E15C8F7324C0B31E00AA1E18 /* SubscriptionViewController.swift in Sources */,
				E15C8F6524C0B30500AA1E18 /* CharacteristicCell.swift in Sources */,
				E15C8F0824C0A40600AA1E18 /* AppDelegate.swift in Sources */,
				E15C8F6124C0B30500AA1E18 /* SubscriptionCell.swift in Sources */,
				E15C8F7524C0B31E00AA1E18 /* Factory.swift in Sources */,
				E15C8F3624C0AE4B00AA1E18 /* Colors.swift in Sources */,
				E15C8F5324C0B2F500AA1E18 /* BeaconRegionHeader.swift in Sources */,
				E15C8F7424C0B31E00AA1E18 /* CharacteristicViewController.swift in Sources */,
				E15C8F6324C0B30500AA1E18 /* DescriptorCell.swift in Sources */,
				E15C8F6924C0B31100AA1E18 /* BluetoothExplorerTableHeader.swift in Sources */,
				E15C8F5424C0B2F500AA1E18 /* BeaconNotifier.swift in Sources */,
				E15C8F5E24C0B30500AA1E18 /* BluetoothCell.swift in Sources */,
				E15C8F7624C0B31E00AA1E18 /* RssiGraph.swift in Sources */,
				E15C8F3824C0AE4B00AA1E18 /* IdentifierCell.swift in Sources */,
				E15C8F3124C0AE4B00AA1E18 /* CreateIdentifierViewController.swift in Sources */,
				E15C8F7224C0B31E00AA1E18 /* SubscriptionEditorViewController.swift in Sources */,
				E15C8F3B24C0AE4B00AA1E18 /* BluetoothNavigatorButton.swift in Sources */,
				E15C8F3724C0AE4B00AA1E18 /* BluetoothNavigatorView.swift in Sources */,
				E15C8F3A24C0AE4B00AA1E18 /* LogoView.swift in Sources */,
				E15C8F5224C0B2F500AA1E18 /* BeaconRegionsTableViewController.swift in Sources */,
				E15C8F5F24C0B30500AA1E18 /* PeripheralCell.swift in Sources */,
				E15C8F7124C0B31E00AA1E18 /* PeripheralViewController.swift in Sources */,
				E15C8F3524C0AE4B00AA1E18 /* BluetoothNavigatorViewController.swift in Sources */,
				E15C8F7724C0B31E00AA1E18 /* SubscriptionListViewController.swift in Sources */,
				E15C8F3924C0AE4B00AA1E18 /* BluetoothNavigatorTheme.swift in Sources */,
				E15C8F3424C0AE4B00AA1E18 /* Extensions.swift in Sources */,
				E15C8F6024C0B30500AA1E18 /* ServiceCell.swift in Sources */,
			);
			runOnlyForDeploymentPostprocessing = 0;
		};
/* End PBXSourcesBuildPhase section */

/* Begin PBXVariantGroup section */
		E15C8F3C24C0AE8300AA1E18 /* LaunchScreen.storyboard */ = {
			isa = PBXVariantGroup;
			children = (
				E15C8F3D24C0AE8300AA1E18 /* Base */,
			);
			name = LaunchScreen.storyboard;
			sourceTree = "<group>";
		};
		E15C8F3E24C0AE8300AA1E18 /* Main.storyboard */ = {
			isa = PBXVariantGroup;
			children = (
				E15C8F3F24C0AE8300AA1E18 /* Base */,
			);
			name = Main.storyboard;
			sourceTree = "<group>";
		};
/* End PBXVariantGroup section */

/* Begin XCBuildConfiguration section */
		E15C8F1624C0A40700AA1E18 /* Debug */ = {
			isa = XCBuildConfiguration;
			buildSettings = {
				ALWAYS_SEARCH_USER_PATHS = NO;
				CLANG_ANALYZER_NONNULL = YES;
				CLANG_ANALYZER_NUMBER_OBJECT_CONVERSION = YES_AGGRESSIVE;
				CLANG_CXX_LANGUAGE_STANDARD = "gnu++14";
				CLANG_CXX_LIBRARY = "libc++";
				CLANG_ENABLE_MODULES = YES;
				CLANG_ENABLE_OBJC_ARC = YES;
				CLANG_ENABLE_OBJC_WEAK = YES;
				CLANG_WARN_BLOCK_CAPTURE_AUTORELEASING = YES;
				CLANG_WARN_BOOL_CONVERSION = YES;
				CLANG_WARN_COMMA = YES;
				CLANG_WARN_CONSTANT_CONVERSION = YES;
				CLANG_WARN_DEPRECATED_OBJC_IMPLEMENTATIONS = YES;
				CLANG_WARN_DIRECT_OBJC_ISA_USAGE = YES_ERROR;
				CLANG_WARN_DOCUMENTATION_COMMENTS = YES;
				CLANG_WARN_EMPTY_BODY = YES;
				CLANG_WARN_ENUM_CONVERSION = YES;
				CLANG_WARN_INFINITE_RECURSION = YES;
				CLANG_WARN_INT_CONVERSION = YES;
				CLANG_WARN_NON_LITERAL_NULL_CONVERSION = YES;
				CLANG_WARN_OBJC_IMPLICIT_RETAIN_SELF = YES;
				CLANG_WARN_OBJC_LITERAL_CONVERSION = YES;
				CLANG_WARN_OBJC_ROOT_CLASS = YES_ERROR;
				CLANG_WARN_RANGE_LOOP_ANALYSIS = YES;
				CLANG_WARN_STRICT_PROTOTYPES = YES;
				CLANG_WARN_SUSPICIOUS_MOVE = YES;
				CLANG_WARN_UNGUARDED_AVAILABILITY = YES_AGGRESSIVE;
				CLANG_WARN_UNREACHABLE_CODE = YES;
				CLANG_WARN__DUPLICATE_METHOD_MATCH = YES;
				COPY_PHASE_STRIP = NO;
				DEBUG_INFORMATION_FORMAT = dwarf;
				ENABLE_STRICT_OBJC_MSGSEND = YES;
				ENABLE_TESTABILITY = YES;
				GCC_C_LANGUAGE_STANDARD = gnu11;
				GCC_DYNAMIC_NO_PIC = NO;
				GCC_NO_COMMON_BLOCKS = YES;
				GCC_OPTIMIZATION_LEVEL = 0;
				GCC_PREPROCESSOR_DEFINITIONS = (
					"DEBUG=1",
					"$(inherited)",
				);
				GCC_WARN_64_TO_32_BIT_CONVERSION = YES;
				GCC_WARN_ABOUT_RETURN_TYPE = YES_ERROR;
				GCC_WARN_UNDECLARED_SELECTOR = YES;
				GCC_WARN_UNINITIALIZED_AUTOS = YES_AGGRESSIVE;
				GCC_WARN_UNUSED_FUNCTION = YES;
				GCC_WARN_UNUSED_VARIABLE = YES;
				IPHONEOS_DEPLOYMENT_TARGET = 13.5;
				MTL_ENABLE_DEBUG_INFO = INCLUDE_SOURCE;
				MTL_FAST_MATH = YES;
				ONLY_ACTIVE_ARCH = YES;
				SDKROOT = iphoneos;
				SWIFT_ACTIVE_COMPILATION_CONDITIONS = DEBUG;
				SWIFT_OPTIMIZATION_LEVEL = "-Onone";
			};
			name = Debug;
		};
		E15C8F1724C0A40700AA1E18 /* Release */ = {
			isa = XCBuildConfiguration;
			buildSettings = {
				ALWAYS_SEARCH_USER_PATHS = NO;
				CLANG_ANALYZER_NONNULL = YES;
				CLANG_ANALYZER_NUMBER_OBJECT_CONVERSION = YES_AGGRESSIVE;
				CLANG_CXX_LANGUAGE_STANDARD = "gnu++14";
				CLANG_CXX_LIBRARY = "libc++";
				CLANG_ENABLE_MODULES = YES;
				CLANG_ENABLE_OBJC_ARC = YES;
				CLANG_ENABLE_OBJC_WEAK = YES;
				CLANG_WARN_BLOCK_CAPTURE_AUTORELEASING = YES;
				CLANG_WARN_BOOL_CONVERSION = YES;
				CLANG_WARN_COMMA = YES;
				CLANG_WARN_CONSTANT_CONVERSION = YES;
				CLANG_WARN_DEPRECATED_OBJC_IMPLEMENTATIONS = YES;
				CLANG_WARN_DIRECT_OBJC_ISA_USAGE = YES_ERROR;
				CLANG_WARN_DOCUMENTATION_COMMENTS = YES;
				CLANG_WARN_EMPTY_BODY = YES;
				CLANG_WARN_ENUM_CONVERSION = YES;
				CLANG_WARN_INFINITE_RECURSION = YES;
				CLANG_WARN_INT_CONVERSION = YES;
				CLANG_WARN_NON_LITERAL_NULL_CONVERSION = YES;
				CLANG_WARN_OBJC_IMPLICIT_RETAIN_SELF = YES;
				CLANG_WARN_OBJC_LITERAL_CONVERSION = YES;
				CLANG_WARN_OBJC_ROOT_CLASS = YES_ERROR;
				CLANG_WARN_RANGE_LOOP_ANALYSIS = YES;
				CLANG_WARN_STRICT_PROTOTYPES = YES;
				CLANG_WARN_SUSPICIOUS_MOVE = YES;
				CLANG_WARN_UNGUARDED_AVAILABILITY = YES_AGGRESSIVE;
				CLANG_WARN_UNREACHABLE_CODE = YES;
				CLANG_WARN__DUPLICATE_METHOD_MATCH = YES;
				COPY_PHASE_STRIP = NO;
				DEBUG_INFORMATION_FORMAT = "dwarf-with-dsym";
				ENABLE_NS_ASSERTIONS = NO;
				ENABLE_STRICT_OBJC_MSGSEND = YES;
				GCC_C_LANGUAGE_STANDARD = gnu11;
				GCC_NO_COMMON_BLOCKS = YES;
				GCC_WARN_64_TO_32_BIT_CONVERSION = YES;
				GCC_WARN_ABOUT_RETURN_TYPE = YES_ERROR;
				GCC_WARN_UNDECLARED_SELECTOR = YES;
				GCC_WARN_UNINITIALIZED_AUTOS = YES_AGGRESSIVE;
				GCC_WARN_UNUSED_FUNCTION = YES;
				GCC_WARN_UNUSED_VARIABLE = YES;
				IPHONEOS_DEPLOYMENT_TARGET = 13.5;
				MTL_ENABLE_DEBUG_INFO = NO;
				MTL_FAST_MATH = YES;
				SDKROOT = iphoneos;
				SWIFT_COMPILATION_MODE = wholemodule;
				SWIFT_OPTIMIZATION_LEVEL = "-O";
				VALIDATE_PRODUCT = YES;
			};
			name = Release;
		};
		E15C8F1924C0A40700AA1E18 /* Debug */ = {
			isa = XCBuildConfiguration;
			buildSettings = {
				ASSETCATALOG_COMPILER_APPICON_NAME = AppIcon;
				CODE_SIGN_STYLE = Automatic;
				DEVELOPMENT_TEAM = UR6MRM7GRB;
				INFOPLIST_FILE = BluetoothNavigator/Info.plist;
				LD_RUNPATH_SEARCH_PATHS = (
					"$(inherited)",
					"@executable_path/Frameworks",
				);
				PRODUCT_BUNDLE_IDENTIFIER = com.rvaessen.BluetoothNavigator;
				PRODUCT_NAME = "Bluetooth Navigator";
				SWIFT_VERSION = 5.0;
				TARGETED_DEVICE_FAMILY = "1,2";
			};
			name = Debug;
		};
		E15C8F1A24C0A40700AA1E18 /* Release */ = {
			isa = XCBuildConfiguration;
			buildSettings = {
				ASSETCATALOG_COMPILER_APPICON_NAME = AppIcon;
				CODE_SIGN_STYLE = Automatic;
				DEVELOPMENT_TEAM = UR6MRM7GRB;
				INFOPLIST_FILE = BluetoothNavigator/Info.plist;
				LD_RUNPATH_SEARCH_PATHS = (
					"$(inherited)",
					"@executable_path/Frameworks",
				);
				PRODUCT_BUNDLE_IDENTIFIER = com.rvaessen.BluetoothNavigator;
				PRODUCT_NAME = "Bluetooth Navigator";
				SWIFT_VERSION = 5.0;
				TARGETED_DEVICE_FAMILY = "1,2";
			};
			name = Release;
		};
/* End XCBuildConfiguration section */

/* Begin XCConfigurationList section */
		E15C8EFF24C0A40600AA1E18 /* Build configuration list for PBXProject "BluetoothNavigator" */ = {
			isa = XCConfigurationList;
			buildConfigurations = (
				E15C8F1624C0A40700AA1E18 /* Debug */,
				E15C8F1724C0A40700AA1E18 /* Release */,
			);
			defaultConfigurationIsVisible = 0;
			defaultConfigurationName = Release;
		};
		E15C8F1824C0A40700AA1E18 /* Build configuration list for PBXNativeTarget "BluetoothNavigator" */ = {
			isa = XCConfigurationList;
			buildConfigurations = (
				E15C8F1924C0A40700AA1E18 /* Debug */,
				E15C8F1A24C0A40700AA1E18 /* Release */,
			);
			defaultConfigurationIsVisible = 0;
			defaultConfigurationName = Release;
		};
/* End XCConfigurationList section */
	};
	rootObject = E15C8EFC24C0A40600AA1E18 /* Project object */;
}
